
Microsoft Visual Studio Solution File, Format Version 12.00
# Visual Studio Version 17
VisualStudioVersion = 17.6.33815.320
MinimumVisualStudioVersion = 10.0.40219.1
Project("{9A19103F-16F7-4668-BE54-9A1E7A4F7556}") = "BlazorSPA", "BlazorSPA\BlazorSPA.csproj", "{5D97F58B-D4EC-4DB6-A6B4-1B841ADEA1A8}"
EndProject
Project("{9A19103F-16F7-4668-BE54-9A1E7A4F7556}") = "DemoLibrary", "DemoLibrary\DemoLibrary.csproj", "{A07F0CA8-6EC7-42CE-B483-5EF870208C8A}"
EndProject
Project("{FAE04EC0-301F-11D3-BF4B-00C04F79EFBC}") = "DemoAPI", "DemoAPI\DemoAPI.csproj", "{E13C25C9-BD2D-49C6-98D8-C3062C9E5241}"
EndProject
Global
	GlobalSection(SolutionConfigurationPlatforms) = preSolution
		Debug|Any CPU = Debug|Any CPU
		Release|Any CPU = Release|Any CPU
	EndGlobalSection
	GlobalSection(ProjectConfigurationPlatforms) = postSolution
		{5D97F58B-D4EC-4DB6-A6B4-1B841ADEA1A8}.Debug|Any CPU.ActiveCfg = Debug|Any CPU
		{5D97F58B-D4EC-4DB6-A6B4-1B841ADEA1A8}.Debug|Any CPU.Build.0 = Debug|Any CPU
		{5D97F58B-D4EC-4DB6-A6B4-1B841ADEA1A8}.Release|Any CPU.ActiveCfg = Release|Any CPU
		{5D97F58B-D4EC-4DB6-A6B4-1B841ADEA1A8}.Release|Any CPU.Build.0 = Release|Any CPU
		{A07F0CA8-6EC7-42CE-B483-5EF870208C8A}.Debug|Any CPU.ActiveCfg = Debug|Any CPU
		{A07F0CA8-6EC7-42CE-B483-5EF870208C8A}.Debug|Any CPU.Build.0 = Debug|Any CPU
		{A07F0CA8-6EC7-42CE-B483-5EF870208C8A}.Release|Any CPU.ActiveCfg = Release|Any CPU
		{A07F0CA8-6EC7-42CE-B483-5EF870208C8A}.Release|Any CPU.Build.0 = Release|Any CPU
		{E13C25C9-BD2D-49C6-98D8-C3062C9E5241}.Debug|Any CPU.ActiveCfg = Debug|Any CPU
		{E13C25C9-BD2D-49C6-98D8-C3062C9E5241}.Debug|Any CPU.Build.0 = Debug|Any CPU
		{E13C25C9-BD2D-49C6-98D8-C3062C9E5241}.Release|Any CPU.ActiveCfg = Release|Any CPU
		{E13C25C9-BD2D-49C6-98D8-C3062C9E5241}.Release|Any CPU.Build.0 = Release|Any CPU
	EndGlobalSection
	GlobalSection(SolutionProperties) = preSolution
		HideSolutionNode = FALSE
	EndGlobalSection
	GlobalSection(ExtensibilityGlobals) = postSolution
		SolutionGuid = {6E854677-61AE-4D21-8A0F-F5668211BF5F}
	EndGlobalSection
EndGlobal
